
Microsoft Visual Studio Solution File, Format Version 12.00
# Visual Studio Version 17
VisualStudioVersion = 17.2.32630.192
MinimumVisualStudioVersion = 10.0.40219.1
Project("{9A19103F-16F7-4668-BE54-9A1E7A4F7556}") = "lanet", "lanet\lanet.csproj", "{3B53BF5B-86E1-437E-9C6F-8A6EE489C316}"
EndProject
Project("{54435603-DBB4-11D2-8724-00A0C9A8B90C}") = "PetShopSatisTakip", "PetShopSatisTakip\PetShopSatisTakip.vdproj", "{B55137F5-6ADB-493B-B9B4-223E37F60906}"
EndProject
Global
	GlobalSection(SolutionConfigurationPlatforms) = preSolution
		Debug|Any CPU = Debug|Any CPU
		Release|Any CPU = Release|Any CPU
	EndGlobalSection
	GlobalSection(ProjectConfigurationPlatforms) = postSolution
		{3B53BF5B-86E1-437E-9C6F-8A6EE489C316}.Debug|Any CPU.ActiveCfg = Debug|Any CPU
		{3B53BF5B-86E1-437E-9C6F-8A6EE489C316}.Debug|Any CPU.Build.0 = Debug|Any CPU
		{3B53BF5B-86E1-437E-9C6F-8A6EE489C316}.Release|Any CPU.ActiveCfg = Release|Any CPU
		{3B53BF5B-86E1-437E-9C6F-8A6EE489C316}.Release|Any CPU.Build.0 = Release|Any CPU
		{B55137F5-6ADB-493B-B9B4-223E37F60906}.Debug|Any CPU.ActiveCfg = Debug
		{B55137F5-6ADB-493B-B9B4-223E37F60906}.Release|Any CPU.ActiveCfg = Release
	EndGlobalSection
	GlobalSection(SolutionProperties) = preSolution
		HideSolutionNode = FALSE
	EndGlobalSection
	GlobalSection(ExtensibilityGlobals) = postSolution
		SolutionGuid = {2DBDCB24-FFF2-48CD-8DDB-89C238470E3B}
	EndGlobalSection
EndGlobal
